
Microsoft Visual Studio Solution File, Format Version 12.00
# Visual Studio Version 17
VisualStudioVersion = 17.3.32901.215
MinimumVisualStudioVersion = 10.0.40219.1
Project("{FAE04EC0-301F-11D3-BF4B-00C04F79EFBC}") = "Tetris", "Tetris\Tetris.csproj", "{E4957EB0-F587-4118-B96B-DA45BBB928B1}"
EndProject
Global
	GlobalSection(SolutionConfigurationPlatforms) = preSolution
		Debug|Any CPU = Debug|Any CPU
		Release|Any CPU = Release|Any CPU
	EndGlobalSection
	GlobalSection(ProjectConfigurationPlatforms) = postSolution
		{E4957EB0-F587-4118-B96B-DA45BBB928B1}.Debug|Any CPU.ActiveCfg = Debug|Any CPU
		{E4957EB0-F587-4118-B96B-DA45BBB928B1}.Debug|Any CPU.Build.0 = Debug|Any CPU
		{E4957EB0-F587-4118-B96B-DA45BBB928B1}.Release|Any CPU.ActiveCfg = Release|Any CPU
		{E4957EB0-F587-4118-B96B-DA45BBB928B1}.Release|Any CPU.Build.0 = Release|Any CPU
	EndGlobalSection
	GlobalSection(SolutionProperties) = preSolution
		HideSolutionNode = FALSE
	EndGlobalSection
	GlobalSection(ExtensibilityGlobals) = postSolution
		SolutionGuid = {6DCA12EB-89A8-41F4-86B7-1133F1872C78}
	EndGlobalSection
EndGlobal
