
Microsoft Visual Studio Solution File, Format Version 12.00
# Visual Studio Version 17
VisualStudioVersion = 17.3.32901.215
MinimumVisualStudioVersion = 10.0.40219.1
Project("{9A19103F-16F7-4668-BE54-9A1E7A4F7556}") = "WinFormsTetris", "WinFormsTetris\WinFormsTetris.csproj", "{B53392F8-A791-4B4E-AE64-8C83931EDE9B}"
EndProject
Global
	GlobalSection(SolutionConfigurationPlatforms) = preSolution
		Debug|Any CPU = Debug|Any CPU
		Release|Any CPU = Release|Any CPU
	EndGlobalSection
	GlobalSection(ProjectConfigurationPlatforms) = postSolution
		{B53392F8-A791-4B4E-AE64-8C83931EDE9B}.Debug|Any CPU.ActiveCfg = Debug|Any CPU
		{B53392F8-A791-4B4E-AE64-8C83931EDE9B}.Debug|Any CPU.Build.0 = Debug|Any CPU
		{B53392F8-A791-4B4E-AE64-8C83931EDE9B}.Release|Any CPU.ActiveCfg = Release|Any CPU
		{B53392F8-A791-4B4E-AE64-8C83931EDE9B}.Release|Any CPU.Build.0 = Release|Any CPU
	EndGlobalSection
	GlobalSection(SolutionProperties) = preSolution
		HideSolutionNode = FALSE
	EndGlobalSection
	GlobalSection(ExtensibilityGlobals) = postSolution
		SolutionGuid = {6DCA12EB-89A8-41F4-86B7-1133F1872C78}
	EndGlobalSection
EndGlobal
